{
  "name": "stellar-cli",
  "lockfileVersion": 3,
  "requires": true,
  "packages": {
    "": {
      "devDependencies": {
        "@stellar/prettier-config": "^1.2.0",
        "prettier": "^3.6.2"
      }
    },
    "node_modules/@stellar/prettier-config": {
      "version": "1.2.0",
      "resolved": "https://registry.npmjs.org/@stellar/prettier-config/-/prettier-config-1.2.0.tgz",
      "integrity": "sha512-oL9qJ7+7aWnImpbcldroQrvtMCZ9yx4JL/tmDZ860RpBQd2ahkc8bX6/k2ehFK8gpb9ltYu4mtU49wufUuYhGg==",
      "dev": true,
      "license": "Apache-2.0",
      "peerDependencies": {
        "prettier": "^3.2.5"
      }
    },
    "node_modules/prettier": {
      "version": "3.6.2",
      "resolved": "https://registry.npmjs.org/prettier/-/prettier-3.6.2.tgz",
      "integrity": "sha512-I7AIg5boAr5R0FFtJ6rCfD+LFsWHp81dolrFD8S79U9tb8Az2nGrJncnMSnys+bpQJfRUzqs9hnA81OAA3hCuQ==",
      "dev": true,
      "license": "MIT",
      "bin": {
        "prettier": "bin/prettier.cjs"
      },
      "engines": {
        "node": ">=14"
      },
      "funding": {
        "url": "https://github.com/prettier/prettier?sponsor=1"
      }
    }
  }
}
